
Microsoft Visual Studio Solution File, Format Version 12.00
# Visual Studio Version 17
VisualStudioVersion = 17.2.32526.322
MinimumVisualStudioVersion = 10.0.40219.1
Project("{FAE04EC0-301F-11D3-BF4B-00C04F79EFBC}") = "SnakesAndLaddersWPF", "SnakesAndLaddersWPF\SnakesAndLaddersWPF.csproj", "{3864879F-003B-4EDF-8AB4-388800D02256}"
EndProject
Global
	GlobalSection(SolutionConfigurationPlatforms) = preSolution
		Debug|Any CPU = Debug|Any CPU
		Release|Any CPU = Release|Any CPU
	EndGlobalSection
	GlobalSection(ProjectConfigurationPlatforms) = postSolution
		{3864879F-003B-4EDF-8AB4-388800D02256}.Debug|Any CPU.ActiveCfg = Debug|Any CPU
		{3864879F-003B-4EDF-8AB4-388800D02256}.Debug|Any CPU.Build.0 = Debug|Any CPU
		{3864879F-003B-4EDF-8AB4-388800D02256}.Release|Any CPU.ActiveCfg = Release|Any CPU
		{3864879F-003B-4EDF-8AB4-388800D02256}.Release|Any CPU.Build.0 = Release|Any CPU
	EndGlobalSection
	GlobalSection(SolutionProperties) = preSolution
		HideSolutionNode = FALSE
	EndGlobalSection
	GlobalSection(ExtensibilityGlobals) = postSolution
		SolutionGuid = {6381B794-7E47-48EC-B833-4119184F6ADC}
	EndGlobalSection
EndGlobal
